PODS:
  - UnifyID-Core (4.4.0)
  - UnifyID-GaitAuth (4.4.0):
    - UnifyID-Core (~> 4.4.0)
  - UnifyID/GaitAuth (4.4.0):
    - UnifyID-GaitAuth (~> 4.4.0)

DEPENDENCIES:
  - UnifyID/GaitAuth

SPEC REPOS:
  trunk:
    - UnifyID
    - UnifyID-Core
    - UnifyID-GaitAuth

SPEC CHECKSUMS:
  UnifyID: 2187ddd7906eaa7fa190b2e2f87625a847503ff7
  UnifyID-Core: d8208469b57ac0927c1bbbaee7ca162e8062acab
  UnifyID-GaitAuth: fdda770ab8017f70dd3ff8f2484d1d8744773686

PODFILE CHECKSUM: 69ebb4746e589e2dddd3adb93c717c6728f988c6

COCOAPODS: 1.10.1
