// !$*UTF8*$!
{
	archiveVersion = 1;
	classes = {
	};
	objectVersion = 51;
	objects = {

/* Begin PBXBuildFile section */
		44A501706D6824B38839F4E6 /* libPods-GaitAuth IFTTT.a in Frameworks */ = {isa = PBXBuildFile; fileRef = 1D2593ED141B525C9DF546AC /* libPods-GaitAuth IFTTT.a */; };
		810B8DAB258B93D800BEABBA /* AppDelegate.swift in Sources */ = {isa = PBXBuildFile; fileRef = 810B8DAA258B93D800BEABBA /* AppDelegate.swift */; };
		810B8DAD258B93D800BEABBA /* SceneDelegate.swift in Sources */ = {isa = PBXBuildFile; fileRef = 810B8DAC258B93D800BEABBA /* SceneDelegate.swift */; };
		810B8DAF258B93D800BEABBA /* ContentView.swift in Sources */ = {isa = PBXBuildFile; fileRef = 810B8DAE258B93D800BEABBA /* ContentView.swift */; };
		810B8DB1258B93DC00BEABBA /* Assets.xcassets in Resources */ = {isa = PBXBuildFile; fileRef = 810B8DB0258B93DC00BEABBA /* Assets.xcassets */; };
		810B8DB4258B93DC00BEABBA /* Preview Assets.xcassets in Resources */ = {isa = PBXBuildFile; fileRef = 810B8DB3258B93DC00BEABBA /* Preview Assets.xcassets */; };
		810B8DB7258B93DC00BEABBA /* LaunchScreen.storyboard in Resources */ = {isa = PBXBuildFile; fileRef = 810B8DB5258B93DC00BEABBA /* LaunchScreen.storyboard */; };
/* End PBXBuildFile section */

/* Begin PBXFileReference section */
		1D2593ED141B525C9DF546AC /* libPods-GaitAuth IFTTT.a */ = {isa = PBXFileReference; explicitFileType = archive.ar; includeInIndex = 0; path = "libPods-GaitAuth IFTTT.a"; sourceTree = BUILT_PRODUCTS_DIR; };
		810B8DA7258B93D800BEABBA /* GaitAuth IFTTT.app */ = {isa = PBXFileReference; explicitFileType = wrapper.application; includeInIndex = 0; path = "GaitAuth IFTTT.app"; sourceTree = BUILT_PRODUCTS_DIR; };
		810B8DAA258B93D800BEABBA /* AppDelegate.swift */ = {isa = PBXFileReference; lastKnownFileType = sourcecode.swift; path = AppDelegate.swift; sourceTree = "<group>"; };
		810B8DAC258B93D800BEABBA /* SceneDelegate.swift */ = {isa = PBXFileReference; lastKnownFileType = sourcecode.swift; path = SceneDelegate.swift; sourceTree = "<group>"; };
		810B8DAE258B93D800BEABBA /* ContentView.swift */ = {isa = PBXFileReference; lastKnownFileType = sourcecode.swift; path = ContentView.swift; sourceTree = "<group>"; };
		810B8DB0258B93DC00BEABBA /* Assets.xcassets */ = {isa = PBXFileReference; lastKnownFileType = folder.assetcatalog; path = Assets.xcassets; sourceTree = "<group>"; };
		810B8DB3258B93DC00BEABBA /* Preview Assets.xcassets */ = {isa = PBXFileReference; lastKnownFileType = folder.assetcatalog; path = "Preview Assets.xcassets"; sourceTree = "<group>"; };
		810B8DB6258B93DC00BEABBA /* Base */ = {isa = PBXFileReference; lastKnownFileType = file.storyboard; name = Base; path = Base.lproj/LaunchScreen.storyboard; sourceTree = "<group>"; };
		810B8DB8258B93DC00BEABBA /* Info.plist */ = {isa = PBXFileReference; lastKnownFileType = text.plist.xml; path = Info.plist; sourceTree = "<group>"; };
		A627DFFA1B99E706AEFE07C9 /* Pods-GaitAuth IFTTT.debug.xcconfig */ = {isa = PBXFileReference; includeInIndex = 1; lastKnownFileType = text.xcconfig; name = "Pods-GaitAuth IFTTT.debug.xcconfig"; path = "Target Support Files/Pods-GaitAuth IFTTT/Pods-GaitAuth IFTTT.debug.xcconfig"; sourceTree = "<group>"; };
		A924D7F9B80E7CF31D117F3C /* Pods-GaitAuth IFTTT.release.xcconfig */ = {isa = PBXFileReference; includeInIndex = 1; lastKnownFileType = text.xcconfig; name = "Pods-GaitAuth IFTTT.release.xcconfig"; path = "Target Support Files/Pods-GaitAuth IFTTT/Pods-GaitAuth IFTTT.release.xcconfig"; sourceTree = "<group>"; };
/* End PBXFileReference section */

/* Begin PBXFrameworksBuildPhase section */
		810B8DA4258B93D800BEABBA /* Frameworks */ = {
			isa = PBXFrameworksBuildPhase;
			buildActionMask = 2147483647;
			files = (
				44A501706D6824B38839F4E6 /* libPods-GaitAuth IFTTT.a in Frameworks */,
			);
			runOnlyForDeploymentPostprocessing = 0;
		};
/* End PBXFrameworksBuildPhase section */

/* Begin PBXGroup section */
		4AFBA248D58F41B4F90525A7 /* Frameworks */ = {
			isa = PBXGroup;
			children = (
				1D2593ED141B525C9DF546AC /* libPods-GaitAuth IFTTT.a */,
			);
			name = Frameworks;
			sourceTree = "<group>";
		};
		810B8D9E258B93D800BEABBA = {
			isa = PBXGroup;
			children = (
				810B8DA9258B93D800BEABBA /* GaitAuth IFTTT */,
				810B8DA8258B93D800BEABBA /* Products */,
				EE9D92D80B9128B6683295C5 /* Pods */,
				4AFBA248D58F41B4F90525A7 /* Frameworks */,
			);
			sourceTree = "<group>";
		};
		810B8DA8258B93D800BEABBA /* Products */ = {
			isa = PBXGroup;
			children = (
				810B8DA7258B93D800BEABBA /* GaitAuth IFTTT.app */,
			);
			name = Products;
			sourceTree = "<group>";
		};
		810B8DA9258B93D800BEABBA /* GaitAuth IFTTT */ = {
			isa = PBXGroup;
			children = (
				810B8DAA258B93D800BEABBA /* AppDelegate.swift */,
				810B8DAC258B93D800BEABBA /* SceneDelegate.swift */,
				810B8DAE258B93D800BEABBA /* ContentView.swift */,
				810B8DB0258B93DC00BEABBA /* Assets.xcassets */,
				810B8DB5258B93DC00BEABBA /* LaunchScreen.storyboard */,
				810B8DB8258B93DC00BEABBA /* Info.plist */,
				810B8DB2258B93DC00BEABBA /* Preview Content */,
			);
			path = "GaitAuth IFTTT";
			sourceTree = "<group>";
		};
		810B8DB2258B93DC00BEABBA /* Preview Content */ = {
			isa = PBXGroup;
			children = (
				810B8DB3258B93DC00BEABBA /* Preview Assets.xcassets */,
			);
			path = "Preview Content";
			sourceTree = "<group>";
		};
		EE9D92D80B9128B6683295C5 /* Pods */ = {
			isa = PBXGroup;
			children = (
				A627DFFA1B99E706AEFE07C9 /* Pods-GaitAuth IFTTT.debug.xcconfig */,
				A924D7F9B80E7CF31D117F3C /* Pods-GaitAuth IFTTT.release.xcconfig */,
			);
			path = Pods;
			sourceTree = "<group>";
		};
/* End PBXGroup section */

/* Begin PBXNativeTarget section */
		810B8DA6258B93D800BEABBA /* GaitAuth IFTTT */ = {
			isa = PBXNativeTarget;
			buildConfigurationList = 810B8DBB258B93DC00BEABBA /* Build configuration list for PBXNativeTarget "GaitAuth IFTTT" */;
			buildPhases = (
				66E3556823007D7637C8473C /* [CP] Check Pods Manifest.lock */,
				810B8DA3258B93D800BEABBA /* Sources */,
				810B8DA4258B93D800BEABBA /* Frameworks */,
				810B8DA5258B93D800BEABBA /* Resources */,
				27E4DE07383141FD0854A5CE /* [CP] Embed Pods Frameworks */,
			);
			buildRules = (
			);
			dependencies = (
			);
			name = "GaitAuth IFTTT";
			productName = "GaitAuth IFTTT";
			productReference = 810B8DA7258B93D800BEABBA /* GaitAuth IFTTT.app */;
			productType = "com.apple.product-type.application";
		};
/* End PBXNativeTarget section */

/* Begin PBXProject section */
		810B8D9F258B93D800BEABBA /* Project object */ = {
			isa = PBXProject;
			attributes = {
				LastSwiftUpdateCheck = 1220;
				LastUpgradeCheck = 1220;
				TargetAttributes = {
					810B8DA6258B93D800BEABBA = {
						CreatedOnToolsVersion = 12.2;
					};
				};
			};
			buildConfigurationList = 810B8DA2258B93D800BEABBA /* Build configuration list for PBXProject "GaitAuth IFTTT" */;
			compatibilityVersion = "Xcode 9.3";
			developmentRegion = en;
			hasScannedForEncodings = 0;
			knownRegions = (
				en,
				Base,
			);
			mainGroup = 810B8D9E258B93D800BEABBA;
			productRefGroup = 810B8DA8258B93D800BEABBA /* Products */;
			projectDirPath = "";
			projectRoot = "";
			targets = (
				810B8DA6258B93D800BEABBA /* GaitAuth IFTTT */,
			);
		};
/* End PBXProject section */

/* Begin PBXResourcesBuildPhase section */
		810B8DA5258B93D800BEABBA /* Resources */ = {
			isa = PBXResourcesBuildPhase;
			buildActionMask = 2147483647;
			files = (
				810B8DB7258B93DC00BEABBA /* LaunchScreen.storyboard in Resources */,
				810B8DB4258B93DC00BEABBA /* Preview Assets.xcassets in Resources */,
				810B8DB1258B93DC00BEABBA /* Assets.xcassets in Resources */,
			);
			runOnlyForDeploymentPostprocessing = 0;
		};
/* End PBXResourcesBuildPhase section */

/* Begin PBXShellScriptBuildPhase section */
		27E4DE07383141FD0854A5CE /* [CP] Embed Pods Frameworks */ = {
			isa = PBXShellScriptBuildPhase;
			buildActionMask = 2147483647;
			files = (
			);
			inputFileListPaths = (
				"${PODS_ROOT}/Target Support Files/Pods-GaitAuth IFTTT/Pods-GaitAuth IFTTT-frameworks-${CONFIGURATION}-input-files.xcfilelist",
			);
			name = "[CP] Embed Pods Frameworks";
			outputFileListPaths = (
				"${PODS_ROOT}/Target Support Files/Pods-GaitAuth IFTTT/Pods-GaitAuth IFTTT-frameworks-${CONFIGURATION}-output-files.xcfilelist",
			);
			runOnlyForDeploymentPostprocessing = 0;
			shellPath = /bin/sh;
			shellScript = "\"${PODS_ROOT}/Target Support Files/Pods-GaitAuth IFTTT/Pods-GaitAuth IFTTT-frameworks.sh\"\n";
			showEnvVarsInLog = 0;
		};
		66E3556823007D7637C8473C /* [CP] Check Pods Manifest.lock */ = {
			isa = PBXShellScriptBuildPhase;
			buildActionMask = 2147483647;
			files = (
			);
			inputFileListPaths = (
			);
			inputPaths = (
				"${PODS_PODFILE_DIR_PATH}/Podfile.lock",
				"${PODS_ROOT}/Manifest.lock",
			);
			name = "[CP] Check Pods Manifest.lock";
			outputFileListPaths = (
			);
			outputPaths = (
				"$(DERIVED_FILE_DIR)/Pods-GaitAuth IFTTT-checkManifestLockResult.txt",
			);
			runOnlyForDeploymentPostprocessing = 0;
			shellPath = /bin/sh;
			shellScript = "diff \"${PODS_PODFILE_DIR_PATH}/Podfile.lock\" \"${PODS_ROOT}/Manifest.lock\" > /dev/null\nif [ $? != 0 ] ; then\n    # print error to STDERR\n    echo \"error: The sandbox is not in sync with the Podfile.lock. Run 'pod install' or update your CocoaPods installation.\" >&2\n    exit 1\nfi\n# This output is used by Xcode 'outputs' to avoid re-running this script phase.\necho \"SUCCESS\" > \"${SCRIPT_OUTPUT_FILE_0}\"\n";
			showEnvVarsInLog = 0;
		};
/* End PBXShellScriptBuildPhase section */

/* Begin PBXSourcesBuildPhase section */
		810B8DA3258B93D800BEABBA /* Sources */ = {
			isa = PBXSourcesBuildPhase;
			buildActionMask = 2147483647;
			files = (
				810B8DAB258B93D800BEABBA /* AppDelegate.swift in Sources */,
				810B8DAD258B93D800BEABBA /* SceneDelegate.swift in Sources */,
				810B8DAF258B93D800BEABBA /* ContentView.swift in Sources */,
			);
			runOnlyForDeploymentPostprocessing = 0;
		};
/* End PBXSourcesBuildPhase section */

/* Begin PBXVariantGroup section */
		810B8DB5258B93DC00BEABBA /* LaunchScreen.storyboard */ = {
			isa = PBXVariantGroup;
			children = (
				810B8DB6258B93DC00BEABBA /* Base */,
			);
			name = LaunchScreen.storyboard;
			sourceTree = "<group>";
		};
/* End PBXVariantGroup section */

/* Begin XCBuildConfiguration section */
		810B8DB9258B93DC00BEABBA /* Debug */ = {
			isa = XCBuildConfiguration;
			buildSettings = {
				ALWAYS_SEARCH_USER_PATHS = NO;
				CLANG_ANALYZER_NONNULL = YES;
				CLANG_ANALYZER_NUMBER_OBJECT_CONVERSION = YES_AGGRESSIVE;
				CLANG_CXX_LANGUAGE_STANDARD = "gnu++14";
				CLANG_CXX_LIBRARY = "libc++";
				CLANG_ENABLE_MODULES = YES;
				CLANG_ENABLE_OBJC_ARC = YES;
				CLANG_ENABLE_OBJC_WEAK = YES;
				CLANG_WARN_BLOCK_CAPTURE_AUTORELEASING = YES;
				CLANG_WARN_BOOL_CONVERSION = YES;
				CLANG_WARN_COMMA = YES;
				CLANG_WARN_CONSTANT_CONVERSION = YES;
				CLANG_WARN_DEPRECATED_OBJC_IMPLEMENTATIONS = YES;
				CLANG_WARN_DIRECT_OBJC_ISA_USAGE = YES_ERROR;
				CLANG_WARN_DOCUMENTATION_COMMENTS = YES;
				CLANG_WARN_EMPTY_BODY = YES;
				CLANG_WARN_ENUM_CONVERSION = YES;
				CLANG_WARN_INFINITE_RECURSION = YES;
				CLANG_WARN_INT_CONVERSION = YES;
				CLANG_WARN_NON_LITERAL_NULL_CONVERSION = YES;
				CLANG_WARN_OBJC_IMPLICIT_RETAIN_SELF = YES;
				CLANG_WARN_OBJC_LITERAL_CONVERSION = YES;
				CLANG_WARN_OBJC_ROOT_CLASS = YES_ERROR;
				CLANG_WARN_QUOTED_INCLUDE_IN_FRAMEWORK_HEADER = YES;
				CLANG_WARN_RANGE_LOOP_ANALYSIS = YES;
				CLANG_WARN_STRICT_PROTOTYPES = YES;
				CLANG_WARN_SUSPICIOUS_MOVE = YES;
				CLANG_WARN_UNGUARDED_AVAILABILITY = YES_AGGRESSIVE;
				CLANG_WARN_UNREACHABLE_CODE = YES;
				CLANG_WARN__DUPLICATE_METHOD_MATCH = YES;
				COPY_PHASE_STRIP = NO;
				DEBUG_INFORMATION_FORMAT = dwarf;
				ENABLE_STRICT_OBJC_MSGSEND = YES;
				ENABLE_TESTABILITY = YES;
				GCC_C_LANGUAGE_STANDARD = gnu11;
				GCC_DYNAMIC_NO_PIC = NO;
				GCC_NO_COMMON_BLOCKS = YES;
				GCC_OPTIMIZATION_LEVEL = 0;
				GCC_PREPROCESSOR_DEFINITIONS = (
					"DEBUG=1",
					"$(inherited)",
				);
				GCC_WARN_64_TO_32_BIT_CONVERSION = YES;
				GCC_WARN_ABOUT_RETURN_TYPE = YES_ERROR;
				GCC_WARN_UNDECLARED_SELECTOR = YES;
				GCC_WARN_UNINITIALIZED_AUTOS = YES_AGGRESSIVE;
				GCC_WARN_UNUSED_FUNCTION = YES;
				GCC_WARN_UNUSED_VARIABLE = YES;
				IPHONEOS_DEPLOYMENT_TARGET = 14.2;
				MTL_ENABLE_DEBUG_INFO = INCLUDE_SOURCE;
				MTL_FAST_MATH = YES;
				ONLY_ACTIVE_ARCH = YES;
				SDKROOT = iphoneos;
				SWIFT_ACTIVE_COMPILATION_CONDITIONS = DEBUG;
				SWIFT_OPTIMIZATION_LEVEL = "-Onone";
			};
			name = Debug;
		};
		810B8DBA258B93DC00BEABBA /* Release */ = {
			isa = XCBuildConfiguration;
			buildSettings = {
				ALWAYS_SEARCH_USER_PATHS = NO;
				CLANG_ANALYZER_NONNULL = YES;
				CLANG_ANALYZER_NUMBER_OBJECT_CONVERSION = YES_AGGRESSIVE;
				CLANG_CXX_LANGUAGE_STANDARD = "gnu++14";
				CLANG_CXX_LIBRARY = "libc++";
				CLANG_ENABLE_MODULES = YES;
				CLANG_ENABLE_OBJC_ARC = YES;
				CLANG_ENABLE_OBJC_WEAK = YES;
				CLANG_WARN_BLOCK_CAPTURE_AUTORELEASING = YES;
				CLANG_WARN_BOOL_CONVERSION = YES;
				CLANG_WARN_COMMA = YES;
				CLANG_WARN_CONSTANT_CONVERSION = YES;
				CLANG_WARN_DEPRECATED_OBJC_IMPLEMENTATIONS = YES;
				CLANG_WARN_DIRECT_OBJC_ISA_USAGE = YES_ERROR;
				CLANG_WARN_DOCUMENTATION_COMMENTS = YES;
				CLANG_WARN_EMPTY_BODY = YES;
				CLANG_WARN_ENUM_CONVERSION = YES;
				CLANG_WARN_INFINITE_RECURSION = YES;
				CLANG_WARN_INT_CONVERSION = YES;
				CLANG_WARN_NON_LITERAL_NULL_CONVERSION = YES;
				CLANG_WARN_OBJC_IMPLICIT_RETAIN_SELF = YES;
				CLANG_WARN_OBJC_LITERAL_CONVERSION = YES;
				CLANG_WARN_OBJC_ROOT_CLASS = YES_ERROR;
				CLANG_WARN_QUOTED_INCLUDE_IN_FRAMEWORK_HEADER = YES;
				CLANG_WARN_RANGE_LOOP_ANALYSIS = YES;
				CLANG_WARN_STRICT_PROTOTYPES = YES;
				CLANG_WARN_SUSPICIOUS_MOVE = YES;
				CLANG_WARN_UNGUARDED_AVAILABILITY = YES_AGGRESSIVE;
				CLANG_WARN_UNREACHABLE_CODE = YES;
				CLANG_WARN__DUPLICATE_METHOD_MATCH = YES;
				COPY_PHASE_STRIP = NO;
				DEBUG_INFORMATION_FORMAT = "dwarf-with-dsym";
				ENABLE_NS_ASSERTIONS = NO;
				ENABLE_STRICT_OBJC_MSGSEND = YES;
				GCC_C_LANGUAGE_STANDARD = gnu11;
				GCC_NO_COMMON_BLOCKS = YES;
				GCC_WARN_64_TO_32_BIT_CONVERSION = YES;
				GCC_WARN_ABOUT_RETURN_TYPE = YES_ERROR;
				GCC_WARN_UNDECLARED_SELECTOR = YES;
				GCC_WARN_UNINITIALIZED_AUTOS = YES_AGGRESSIVE;
				GCC_WARN_UNUSED_FUNCTION = YES;
				GCC_WARN_UNUSED_VARIABLE = YES;
				IPHONEOS_DEPLOYMENT_TARGET = 14.2;
				MTL_ENABLE_DEBUG_INFO = NO;
				MTL_FAST_MATH = YES;
				SDKROOT = iphoneos;
				SWIFT_COMPILATION_MODE = wholemodule;
				SWIFT_OPTIMIZATION_LEVEL = "-O";
				VALIDATE_PRODUCT = YES;
			};
			name = Release;
		};
		810B8DBC258B93DC00BEABBA /* Debug */ = {
			isa = XCBuildConfiguration;
			baseConfigurationReference = A627DFFA1B99E706AEFE07C9 /* Pods-GaitAuth IFTTT.debug.xcconfig */;
			buildSettings = {
				ASSETCATALOG_COMPILER_APPICON_NAME = AppIcon;
				ASSETCATALOG_COMPILER_GLOBAL_ACCENT_COLOR_NAME = AccentColor;
				CODE_SIGN_STYLE = Automatic;
				DEVELOPMENT_ASSET_PATHS = "\"GaitAuth IFTTT/Preview Content\"";
				DEVELOPMENT_TEAM = AZAP28Z542;
				ENABLE_PREVIEWS = YES;
				INFOPLIST_FILE = "GaitAuth IFTTT/Info.plist";
				LD_RUNPATH_SEARCH_PATHS = (
					"$(inherited)",
					"@executable_path/Frameworks",
				);
				PRODUCT_BUNDLE_IDENTIFIER = "com.testapp.GaitAuth-IFTTT";
				PRODUCT_NAME = "$(TARGET_NAME)";
				SWIFT_VERSION = 5.0;
				TARGETED_DEVICE_FAMILY = "1,2";
			};
			name = Debug;
		};
		810B8DBD258B93DC00BEABBA /* Release */ = {
			isa = XCBuildConfiguration;
			baseConfigurationReference = A924D7F9B80E7CF31D117F3C /* Pods-GaitAuth IFTTT.release.xcconfig */;
			buildSettings = {
				ASSETCATALOG_COMPILER_APPICON_NAME = AppIcon;
				ASSETCATALOG_COMPILER_GLOBAL_ACCENT_COLOR_NAME = AccentColor;
				CODE_SIGN_STYLE = Automatic;
				DEVELOPMENT_ASSET_PATHS = "\"GaitAuth IFTTT/Preview Content\"";
				DEVELOPMENT_TEAM = AZAP28Z542;
				ENABLE_PREVIEWS = YES;
				INFOPLIST_FILE = "GaitAuth IFTTT/Info.plist";
				LD_RUNPATH_SEARCH_PATHS = (
					"$(inherited)",
					"@executable_path/Frameworks",
				);
				PRODUCT_BUNDLE_IDENTIFIER = "com.testapp.GaitAuth-IFTTT";
				PRODUCT_NAME = "$(TARGET_NAME)";
				SWIFT_VERSION = 5.0;
				TARGETED_DEVICE_FAMILY = "1,2";
			};
			name = Release;
		};
/* End XCBuildConfiguration section */

/* Begin XCConfigurationList section */
		810B8DA2258B93D800BEABBA /* Build configuration list for PBXProject "GaitAuth IFTTT" */ = {
			isa = XCConfigurationList;
			buildConfigurations = (
				810B8DB9258B93DC00BEABBA /* Debug */,
				810B8DBA258B93DC00BEABBA /* Release */,
			);
			defaultConfigurationIsVisible = 0;
			defaultConfigurationName = Release;
		};
		810B8DBB258B93DC00BEABBA /* Build configuration list for PBXNativeTarget "GaitAuth IFTTT" */ = {
			isa = XCConfigurationList;
			buildConfigurations = (
				810B8DBC258B93DC00BEABBA /* Debug */,
				810B8DBD258B93DC00BEABBA /* Release */,
			);
			defaultConfigurationIsVisible = 0;
			defaultConfigurationName = Release;
		};
/* End XCConfigurationList section */
	};
	rootObject = 810B8D9F258B93D800BEABBA /* Project object */;
}
